{
  "version": 4,
  "terraform_version": "1.5.7",
  "serial": 8,
  "lineage": "fdbdb3f9-e885-d621-d5ed-11015accd568",
  "outputs": {},
  "resources": [
    {
      "module": "module.compute",
      "mode": "managed",
      "type": "google_compute_instance",
      "name": "reporting_vm",
      "provider": "provider[\"registry.terraform.io/hashicorp/google\"]",
      "instances": [
        {
          "schema_version": 6,
          "attributes": {
            "advanced_machine_features": [],
            "allow_stopping_for_update": null,
            "attached_disk": [],
            "boot_disk": [
              {
                "auto_delete": true,
                "device_name": "persistent-disk-0",
                "disk_encryption_key_raw": "",
                "disk_encryption_key_sha256": "",
                "initialize_params": [
                  {
                    "enable_confidential_compute": false,
                    "image": "https://www.googleapis.com/compute/v1/projects/debian-cloud/global/images/debian-11-bullseye-v20260114",
                    "labels": {},
                    "provisioned_iops": 0,
                    "provisioned_throughput": 0,
                    "resource_manager_tags": null,
                    "size": 10,
                    "storage_pool": "",
                    "type": "pd-standard"
                  }
                ],
                "kms_key_self_link": "",
                "mode": "READ_WRITE",
                "source": "https://www.googleapis.com/compute/v1/projects/optimizing-c-498-5bb104cb/zones/us-central1-a/disks/reporting-vm"
              }
            ],
            "can_ip_forward": false,
            "confidential_instance_config": [],
            "cpu_platform": "Intel Broadwell",
            "current_status": "RUNNING",
            "deletion_protection": false,
            "description": "",
            "desired_status": null,
            "effective_labels": {
              "app": "reporting",
              "env": "nonprod"
            },
            "enable_display": false,
            "guest_accelerator": [],
            "hostname": "",
            "id": "projects/optimizing-c-498-5bb104cb/zones/us-central1-a/instances/reporting-vm",
            "instance_id": "6133666760113234370",
            "label_fingerprint": "vYIhHa7pz6Y=",
            "labels": {
              "app": "reporting",
              "env": "nonprod"
            },
            "machine_type": "e2-standard-2",
            "metadata": null,
            "metadata_fingerprint": "kX1OKuUUdBw=",
            "metadata_startup_script": null,
            "min_cpu_platform": "",
            "name": "reporting-vm",
            "network_interface": [
              {
                "access_config": [
                  {
                    "nat_ip": "34.10.20.187",
                    "network_tier": "PREMIUM",
                    "public_ptr_domain_name": ""
                  }
                ],
                "alias_ip_range": [],
                "internal_ipv6_prefix_length": 0,
                "ipv6_access_config": [],
                "ipv6_access_type": "",
                "ipv6_address": "",
                "name": "nic0",
                "network": "https://www.googleapis.com/compute/v1/projects/optimizing-c-498-5bb104cb/global/networks/default",
                "network_ip": "10.128.0.2",
                "nic_type": "",
                "queue_count": 0,
                "stack_type": "IPV4_ONLY",
                "subnetwork": "https://www.googleapis.com/compute/v1/projects/optimizing-c-498-5bb104cb/regions/us-central1/subnetworks/default",
                "subnetwork_project": "optimizing-c-498-5bb104cb"
              }
            ],
            "network_performance_config": [],
            "params": [],
            "project": "optimizing-c-498-5bb104cb",
            "reservation_affinity": [],
            "resource_policies": null,
            "scheduling": [
              {
                "automatic_restart": true,
                "instance_termination_action": "",
                "local_ssd_recovery_timeout": [],
                "max_run_duration": [],
                "min_node_cpus": 0,
                "node_affinities": [],
                "on_host_maintenance": "MIGRATE",
                "on_instance_stop_action": [],
                "preemptible": false,
                "provisioning_model": "STANDARD"
              }
            ],
            "scratch_disk": [],
            "self_link": "https://www.googleapis.com/compute/v1/projects/optimizing-c-498-5bb104cb/zones/us-central1-a/instances/reporting-vm",
            "service_account": [],
            "shielded_instance_config": [
              {
                "enable_integrity_monitoring": true,
                "enable_secure_boot": false,
                "enable_vtpm": true
              }
            ],
            "tags": null,
            "tags_fingerprint": "42WmSpB8rSM=",
            "terraform_labels": {
              "app": "reporting",
              "env": "nonprod"
            },
            "timeouts": null,
            "zone": "us-central1-a"
          },
          "sensitive_attributes": [],
          "private": "eyJlMmJmYjczMC1lY2FhLTExZTYtOGY4OC0zNDM2M2JjN2M0YzAiOnsiY3JlYXRlIjoxMjAwMDAwMDAwMDAwLCJkZWxldGUiOjEyMDAwMDAwMDAwMDAsInVwZGF0ZSI6MTIwMDAwMDAwMDAwMH0sInNjaGVtYV92ZXJzaW9uIjoiNiJ9"
        }
      ]
    },
    {
      "module": "module.storage",
      "mode": "managed",
      "type": "google_storage_bucket",
      "name": "reports_bucket",
      "provider": "provider[\"registry.terraform.io/hashicorp/google\"]",
      "instances": [
        {
          "schema_version": 2,
          "attributes": {
            "autoclass": [],
            "cors": [],
            "custom_placement_config": [],
            "default_event_based_hold": false,
            "effective_labels": {},
            "enable_object_retention": false,
            "encryption": [],
            "force_destroy": false,
            "id": "nonprod-reporting-data-3ded2577",
            "labels": {},
            "lifecycle_rule": [],
            "location": "US-CENTRAL1",
            "logging": [],
            "name": "nonprod-reporting-data-3ded2577",
            "project": "optimizing-c-498-5bb104cb",
            "project_number": 642526447021,
            "public_access_prevention": "inherited",
            "requester_pays": false,
            "retention_policy": [],
            "rpo": null,
            "self_link": "https://www.googleapis.com/storage/v1/b/nonprod-reporting-data-3ded2577",
            "soft_delete_policy": [
              {
                "effective_time": "2026-02-06T16:57:06.735Z",
                "retention_duration_seconds": 604800
              }
            ],
            "storage_class": "STANDARD",
            "terraform_labels": {},
            "timeouts": null,
            "uniform_bucket_level_access": true,
            "url": "gs://nonprod-reporting-data-3ded2577",
            "versioning": [],
            "website": []
          },
          "sensitive_attributes": [],
          "private": "eyJlMmJmYjczMC1lY2FhLTExZTYtOGY4OC0zNDM2M2JjN2M0YzAiOnsiY3JlYXRlIjo2MDAwMDAwMDAwMDAsInJlYWQiOjI0MDAwMDAwMDAwMCwidXBkYXRlIjoyNDAwMDAwMDAwMDB9LCJzY2hlbWFfdmVyc2lvbiI6IjIifQ==",
          "dependencies": [
            "module.storage.random_id.suffix"
          ]
        }
      ]
    },
    {
      "module": "module.storage",
      "mode": "managed",
      "type": "random_id",
      "name": "suffix",
      "provider": "provider[\"registry.terraform.io/hashicorp/random\"]",
      "instances": [
        {
          "schema_version": 0,
          "attributes": {
            "b64_std": "Pe0ldw==",
            "b64_url": "Pe0ldw",
            "byte_length": 4,
            "dec": "1038951799",
            "hex": "3ded2577",
            "id": "Pe0ldw",
            "keepers": null,
            "prefix": null
          },
          "sensitive_attributes": []
        }
      ]
    }
  ],
  "check_results": null
}
